
Microsoft Visual Studio Solution File, Format Version 12.00
# Visual Studio Version 17
VisualStudioVersion = 17.2.32602.215
MinimumVisualStudioVersion = 10.0.40219.1
Project("{FAE04EC0-301F-11D3-BF4B-00C04F79EFBC}") = "Core6Mvc", "Core6Mvc\Core6Mvc.csproj", "{BCF1A651-82B5-4BAB-AA1B-8AF385C6FA2E}"
EndProject
Project("{FAE04EC0-301F-11D3-BF4B-00C04F79EFBC}") = "Northwind.Entities", "Northwind.Entities\Northwind.Entities.csproj", "{823DF719-B404-45E6-A4AF-883497355138}"
EndProject
Global
	GlobalSection(SolutionConfigurationPlatforms) = preSolution
		Debug|Any CPU = Debug|Any CPU
		Release|Any CPU = Release|Any CPU
	EndGlobalSection
	GlobalSection(ProjectConfigurationPlatforms) = postSolution
		{BCF1A651-82B5-4BAB-AA1B-8AF385C6FA2E}.Debug|Any CPU.ActiveCfg = Debug|Any CPU
		{BCF1A651-82B5-4BAB-AA1B-8AF385C6FA2E}.Debug|Any CPU.Build.0 = Debug|Any CPU
		{BCF1A651-82B5-4BAB-AA1B-8AF385C6FA2E}.Release|Any CPU.ActiveCfg = Release|Any CPU
		{BCF1A651-82B5-4BAB-AA1B-8AF385C6FA2E}.Release|Any CPU.Build.0 = Release|Any CPU
		{823DF719-B404-45E6-A4AF-883497355138}.Debug|Any CPU.ActiveCfg = Debug|Any CPU
		{823DF719-B404-45E6-A4AF-883497355138}.Debug|Any CPU.Build.0 = Debug|Any CPU
		{823DF719-B404-45E6-A4AF-883497355138}.Release|Any CPU.ActiveCfg = Release|Any CPU
		{823DF719-B404-45E6-A4AF-883497355138}.Release|Any CPU.Build.0 = Release|Any CPU
	EndGlobalSection
	GlobalSection(SolutionProperties) = preSolution
		HideSolutionNode = FALSE
	EndGlobalSection
	GlobalSection(ExtensibilityGlobals) = postSolution
		SolutionGuid = {6A7009FE-ACA2-4EFC-9E92-411042E86AF2}
	EndGlobalSection
EndGlobal
